# This file is generated by running "yarn install" inside your project.
# Manual changes might be lost - proceed with caution!

__metadata:
  version: 8
  cacheKey: 10c0

"@eth-optimism/contracts@npm:^0.6.0":
  version: 0.6.0
  resolution: "@eth-optimism/contracts@npm:0.6.0"
  dependencies:
    "@eth-optimism/core-utils": "npm:0.12.0"
    "@ethersproject/abstract-provider": "npm:^5.7.0"
    "@ethersproject/abstract-signer": "npm:^5.7.0"
  peerDependencies:
    ethers: ^5
  checksum: 10c0/c000e6fd944a6b3aed97071b75a1e9f35f6d245ecca90bbb84bce5f489de522bf199e8f1fb28c1ae72fcc789a0c6fdae6e144ee47427e1e1c0ac08df9b03011c
  languageName: node
  linkType: hard

"@eth-optimism/core-utils@npm:0.12.0":
  version: 0.12.0
  resolution: "@eth-optimism/core-utils@npm:0.12.0"
  dependencies:
    "@ethersproject/abi": "npm:^5.7.0"
    "@ethersproject/abstract-provider": "npm:^5.7.0"
    "@ethersproject/address": "npm:^5.7.0"
    "@ethersproject/bignumber": "npm:^5.7.0"
    "@ethersproject/bytes": "npm:^5.7.0"
    "@ethersproject/constants": "npm:^5.7.0"
    "@ethersproject/contracts": "npm:^5.7.0"
    "@ethersproject/hash": "npm:^5.7.0"
    "@ethersproject/keccak256": "npm:^5.7.0"
    "@ethersproject/properties": "npm:^5.7.0"
    "@ethersproject/providers": "npm:^5.7.0"
    "@ethersproject/rlp": "npm:^5.7.0"
    "@ethersproject/transactions": "npm:^5.7.0"
    "@ethersproject/web": "npm:^5.7.0"
    bufio: "npm:^1.0.7"
    chai: "npm:^4.3.4"
  checksum: 10c0/d9ef647b9e858adf9b6f4aa4804d4321dc3c710c5141005695154bdaac3a8472b5a5ab6a02e673e475d254b8236e70e664305b6337729223a611597dc43988b4
  languageName: node
  linkType: hard

"@ethersproject/abi@npm:^5.7.0":
  version: 5.7.0
  resolution: "@ethersproject/abi@npm:5.7.0"
  dependencies:
    "@ethersproject/address": "npm:^5.7.0"
    "@ethersproject/bignumber": "npm:^5.7.0"
    "@ethersproject/bytes": "npm:^5.7.0"
    "@ethersproject/constants": "npm:^5.7.0"
    "@ethersproject/hash": "npm:^5.7.0"
    "@ethersproject/keccak256": "npm:^5.7.0"
    "@ethersproject/logger": "npm:^5.7.0"
    "@ethersproject/properties": "npm:^5.7.0"
    "@ethersproject/strings": "npm:^5.7.0"
  checksum: 10c0/7de51bf52ff03df2526546dacea6e74f15d4c5ef762d931552082b9600dcefd8e333599f02d7906ba89f7b7f48c45ab72cee76f397212b4f17fa9d9ff5615916
  languageName: node
  linkType: hard

"@ethersproject/abstract-provider@npm:^5.7.0":
  version: 5.7.0
  resolution: "@ethersproject/abstract-provider@npm:5.7.0"
  dependencies:
    "@ethersproject/bignumber": "npm:^5.7.0"
    "@ethersproject/bytes": "npm:^5.7.0"
    "@ethersproject/logger": "npm:^5.7.0"
    "@ethersproject/networks": "npm:^5.7.0"
    "@ethersproject/properties": "npm:^5.7.0"
    "@ethersproject/transactions": "npm:^5.7.0"
    "@ethersproject/web": "npm:^5.7.0"
  checksum: 10c0/a5708e2811b90ddc53d9318ce152511a32dd4771aa2fb59dbe9e90468bb75ca6e695d958bf44d13da684dc3b6aab03f63d425ff7591332cb5d7ddaf68dff7224
  languageName: node
  linkType: hard

"@ethersproject/abstract-signer@npm:^5.7.0":
  version: 5.7.0
  resolution: "@ethersproject/abstract-signer@npm:5.7.0"
  dependencies:
    "@ethersproject/abstract-provider": "npm:^5.7.0"
    "@ethersproject/bignumber": "npm:^5.7.0"
    "@ethersproject/bytes": "npm:^5.7.0"
    "@ethersproject/logger": "npm:^5.7.0"
    "@ethersproject/properties": "npm:^5.7.0"
  checksum: 10c0/e174966b3be17269a5974a3ae5eef6d15ac62ee8c300ceace26767f218f6bbf3de66f29d9a9c9ca300fa8551aab4c92e28d2cc772f5475fdeaa78d9b5be0e745
  languageName: node
  linkType: hard

"@ethersproject/address@npm:^5.7.0":
  version: 5.7.0
  resolution: "@ethersproject/address@npm:5.7.0"
  dependencies:
    "@ethersproject/bignumber": "npm:^5.7.0"
    "@ethersproject/bytes": "npm:^5.7.0"
    "@ethersproject/keccak256": "npm:^5.7.0"
    "@ethersproject/logger": "npm:^5.7.0"
    "@ethersproject/rlp": "npm:^5.7.0"
  checksum: 10c0/db5da50abeaae8f6cf17678323e8d01cad697f9a184b0593c62b71b0faa8d7e5c2ba14da78a998d691773ed6a8eb06701f65757218e0eaaeb134e5c5f3e5a908
  languageName: node
  linkType: hard

"@ethersproject/base64@npm:^5.7.0":
  version: 5.7.0
  resolution: "@ethersproject/base64@npm:5.7.0"
  dependencies:
    "@ethersproject/bytes": "npm:^5.7.0"
  checksum: 10c0/4f748cd82af60ff1866db699fbf2bf057feff774ea0a30d1f03ea26426f53293ea10cc8265cda1695301da61093bedb8cc0d38887f43ed9dad96b78f19d7337e
  languageName: node
  linkType: hard

"@ethersproject/basex@npm:^5.7.0":
  version: 5.7.0
  resolution: "@ethersproject/basex@npm:5.7.0"
  dependencies:
    "@ethersproject/bytes": "npm:^5.7.0"
    "@ethersproject/properties": "npm:^5.7.0"
  checksum: 10c0/02304de77477506ad798eb5c68077efd2531624380d770ef4a823e631a288fb680107a0f9dc4a6339b2a0b0f5b06ee77f53429afdad8f950cde0f3e40d30167d
  languageName: node
  linkType: hard

"@ethersproject/bignumber@npm:^5.7.0":
  version: 5.7.0
  resolution: "@ethersproject/bignumber@npm:5.7.0"
  dependencies:
    "@ethersproject/bytes": "npm:^5.7.0"
    "@ethersproject/logger": "npm:^5.7.0"
    bn.js: "npm:^5.2.1"
  checksum: 10c0/14263cdc91a7884b141d9300f018f76f69839c47e95718ef7161b11d2c7563163096fee69724c5fa8ef6f536d3e60f1c605819edbc478383a2b98abcde3d37b2
  languageName: node
  linkType: hard

"@ethersproject/bytes@npm:^5.7.0":
  version: 5.7.0
  resolution: "@ethersproject/bytes@npm:5.7.0"
  dependencies:
    "@ethersproject/logger": "npm:^5.7.0"
  checksum: 10c0/07dd1f0341b3de584ef26c8696674ff2bb032f4e99073856fc9cd7b4c54d1d846cabe149e864be267934658c3ce799e5ea26babe01f83af0e1f06c51e5ac791f
  languageName: node
  linkType: hard

"@ethersproject/constants@npm:^5.7.0":
  version: 5.7.0
  resolution: "@ethersproject/constants@npm:5.7.0"
  dependencies:
    "@ethersproject/bignumber": "npm:^5.7.0"
  checksum: 10c0/6df63ab753e152726b84595250ea722165a5744c046e317df40a6401f38556385a37c84dadf5b11ca651c4fb60f967046125369c57ac84829f6b30e69a096273
  languageName: node
  linkType: hard

"@ethersproject/contracts@npm:^5.7.0":
  version: 5.7.0
  resolution: "@ethersproject/contracts@npm:5.7.0"
  dependencies:
    "@ethersproject/abi": "npm:^5.7.0"
    "@ethersproject/abstract-provider": "npm:^5.7.0"
    "@ethersproject/abstract-signer": "npm:^5.7.0"
    "@ethersproject/address": "npm:^5.7.0"
    "@ethersproject/bignumber": "npm:^5.7.0"
    "@ethersproject/bytes": "npm:^5.7.0"
    "@ethersproject/constants": "npm:^5.7.0"
    "@ethersproject/logger": "npm:^5.7.0"
    "@ethersproject/properties": "npm:^5.7.0"
    "@ethersproject/transactions": "npm:^5.7.0"
  checksum: 10c0/97a10361dddaccfb3e9e20e24d071cfa570050adcb964d3452c5f7c9eaaddb4e145ec9cf928e14417948701b89e81d4907800e799a6083123e4d13a576842f41
  languageName: node
  linkType: hard

"@ethersproject/hash@npm:^5.7.0":
  version: 5.7.0
  resolution: "@ethersproject/hash@npm:5.7.0"
  dependencies:
    "@ethersproject/abstract-signer": "npm:^5.7.0"
    "@ethersproject/address": "npm:^5.7.0"
    "@ethersproject/base64": "npm:^5.7.0"
    "@ethersproject/bignumber": "npm:^5.7.0"
    "@ethersproject/bytes": "npm:^5.7.0"
    "@ethersproject/keccak256": "npm:^5.7.0"
    "@ethersproject/logger": "npm:^5.7.0"
    "@ethersproject/properties": "npm:^5.7.0"
    "@ethersproject/strings": "npm:^5.7.0"
  checksum: 10c0/1a631dae34c4cf340dde21d6940dd1715fc7ae483d576f7b8ef9e8cb1d0e30bd7e8d30d4a7d8dc531c14164602323af2c3d51eb2204af18b2e15167e70c9a5ef
  languageName: node
  linkType: hard

"@ethersproject/keccak256@npm:^5.7.0":
  version: 5.7.0
  resolution: "@ethersproject/keccak256@npm:5.7.0"
  dependencies:
    "@ethersproject/bytes": "npm:^5.7.0"
    js-sha3: "npm:0.8.0"
  checksum: 10c0/3b1a91706ff11f5ab5496840b9c36cedca27db443186d28b94847149fd16baecdc13f6fc5efb8359506392f2aba559d07e7f9c1e17a63f9d5de9f8053cfcb033
  languageName: node
  linkType: hard

"@ethersproject/logger@npm:^5.7.0":
  version: 5.7.0
  resolution: "@ethersproject/logger@npm:5.7.0"
  checksum: 10c0/d03d460fb2d4a5e71c627b7986fb9e50e1b59a6f55e8b42a545b8b92398b961e7fd294bd9c3d8f92b35d0f6ff9d15aa14c95eab378f8ea194e943c8ace343501
  languageName: node
  linkType: hard

"@ethersproject/networks@npm:^5.7.0":
  version: 5.7.1
  resolution: "@ethersproject/networks@npm:5.7.1"
  dependencies:
    "@ethersproject/logger": "npm:^5.7.0"
  checksum: 10c0/9efcdce27f150459e85d74af3f72d5c32898823a99f5410e26bf26cca2d21fb14e403377314a93aea248e57fb2964e19cee2c3f7bfc586ceba4c803a8f1b75c0
  languageName: node
  linkType: hard

"@ethersproject/properties@npm:^5.7.0":
  version: 5.7.0
  resolution: "@ethersproject/properties@npm:5.7.0"
  dependencies:
    "@ethersproject/logger": "npm:^5.7.0"
  checksum: 10c0/4fe5d36e5550b8e23a305aa236a93e8f04d891d8198eecdc8273914c761b0e198fd6f757877406ee3eb05033ec271132a3e5998c7bd7b9a187964fb4f67b1373
  languageName: node
  linkType: hard

"@ethersproject/providers@npm:^5.7.0":
  version: 5.7.2
  resolution: "@ethersproject/providers@npm:5.7.2"
  dependencies:
    "@ethersproject/abstract-provider": "npm:^5.7.0"
    "@ethersproject/abstract-signer": "npm:^5.7.0"
    "@ethersproject/address": "npm:^5.7.0"
    "@ethersproject/base64": "npm:^5.7.0"
    "@ethersproject/basex": "npm:^5.7.0"
    "@ethersproject/bignumber": "npm:^5.7.0"
    "@ethersproject/bytes": "npm:^5.7.0"
    "@ethersproject/constants": "npm:^5.7.0"
    "@ethersproject/hash": "npm:^5.7.0"
    "@ethersproject/logger": "npm:^5.7.0"
    "@ethersproject/networks": "npm:^5.7.0"
    "@ethersproject/properties": "npm:^5.7.0"
    "@ethersproject/random": "npm:^5.7.0"
    "@ethersproject/rlp": "npm:^5.7.0"
    "@ethersproject/sha2": "npm:^5.7.0"
    "@ethersproject/strings": "npm:^5.7.0"
    "@ethersproject/transactions": "npm:^5.7.0"
    "@ethersproject/web": "npm:^5.7.0"
    bech32: "npm:1.1.4"
    ws: "npm:7.4.6"
  checksum: 10c0/4c8d19e6b31f769c24042fb2d02e483a4ee60dcbfca9e3291f0a029b24337c47d1ea719a390be856f8fd02997125819e834415e77da4fb2023369712348dae4c
  languageName: node
  linkType: hard

"@ethersproject/random@npm:^5.7.0":
  version: 5.7.0
  resolution: "@ethersproject/random@npm:5.7.0"
  dependencies:
    "@ethersproject/bytes": "npm:^5.7.0"
    "@ethersproject/logger": "npm:^5.7.0"
  checksum: 10c0/23e572fc55372653c22062f6a153a68c2e2d3200db734cd0d39621fbfd0ca999585bed2d5682e3ac65d87a2893048375682e49d1473d9965631ff56d2808580b
  languageName: node
  linkType: hard

"@ethersproject/rlp@npm:^5.7.0":
  version: 5.7.0
  resolution: "@ethersproject/rlp@npm:5.7.0"
  dependencies:
    "@ethersproject/bytes": "npm:^5.7.0"
    "@ethersproject/logger": "npm:^5.7.0"
  checksum: 10c0/bc863d21dcf7adf6a99ae75c41c4a3fb99698cfdcfc6d5d82021530f3d3551c6305bc7b6f0475ad6de6f69e91802b7e872bee48c0596d98969aefcf121c2a044
  languageName: node
  linkType: hard

"@ethersproject/sha2@npm:^5.7.0":
  version: 5.7.0
  resolution: "@ethersproject/sha2@npm:5.7.0"
  dependencies:
    "@ethersproject/bytes": "npm:^5.7.0"
    "@ethersproject/logger": "npm:^5.7.0"
    hash.js: "npm:1.1.7"
  checksum: 10c0/0e7f9ce6b1640817b921b9c6dd9dab8d5bf5a0ce7634d6a7d129b7366a576c2f90dcf4bcb15a0aa9310dde67028f3a44e4fcc2f26b565abcd2a0f465116ff3b1
  languageName: node
  linkType: hard

"@ethersproject/signing-key@npm:^5.7.0":
  version: 5.7.0
  resolution: "@ethersproject/signing-key@npm:5.7.0"
  dependencies:
    "@ethersproject/bytes": "npm:^5.7.0"
    "@ethersproject/logger": "npm:^5.7.0"
    "@ethersproject/properties": "npm:^5.7.0"
    bn.js: "npm:^5.2.1"
    elliptic: "npm:6.5.4"
    hash.js: "npm:1.1.7"
  checksum: 10c0/fe2ca55bcdb6e370d81372191d4e04671234a2da872af20b03c34e6e26b97dc07c1ee67e91b673680fb13344c9d5d7eae52f1fa6117733a3d68652b778843e09
  languageName: node
  linkType: hard

"@ethersproject/strings@npm:^5.7.0":
  version: 5.7.0
  resolution: "@ethersproject/strings@npm:5.7.0"
  dependencies:
    "@ethersproject/bytes": "npm:^5.7.0"
    "@ethersproject/constants": "npm:^5.7.0"
    "@ethersproject/logger": "npm:^5.7.0"
  checksum: 10c0/570d87040ccc7d94de9861f76fc2fba6c0b84c5d6104a99a5c60b8a2401df2e4f24bf9c30afa536163b10a564a109a96f02e6290b80e8f0c610426f56ad704d1
  languageName: node
  linkType: hard

"@ethersproject/transactions@npm:^5.7.0":
  version: 5.7.0
  resolution: "@ethersproject/transactions@npm:5.7.0"
  dependencies:
    "@ethersproject/address": "npm:^5.7.0"
    "@ethersproject/bignumber": "npm:^5.7.0"
    "@ethersproject/bytes": "npm:^5.7.0"
    "@ethersproject/constants": "npm:^5.7.0"
    "@ethersproject/keccak256": "npm:^5.7.0"
    "@ethersproject/logger": "npm:^5.7.0"
    "@ethersproject/properties": "npm:^5.7.0"
    "@ethersproject/rlp": "npm:^5.7.0"
    "@ethersproject/signing-key": "npm:^5.7.0"
  checksum: 10c0/aa4d51379caab35b9c468ed1692a23ae47ce0de121890b4f7093c982ee57e30bd2df0c743faed0f44936d7e59c55fffd80479f2c28ec6777b8de06bfb638c239
  languageName: node
  linkType: hard

"@ethersproject/web@npm:^5.7.0":
  version: 5.7.1
  resolution: "@ethersproject/web@npm:5.7.1"
  dependencies:
    "@ethersproject/base64": "npm:^5.7.0"
    "@ethersproject/bytes": "npm:^5.7.0"
    "@ethersproject/logger": "npm:^5.7.0"
    "@ethersproject/properties": "npm:^5.7.0"
    "@ethersproject/strings": "npm:^5.7.0"
  checksum: 10c0/c82d6745c7f133980e8dab203955260e07da22fa544ccafdd0f21c79fae127bd6ef30957319e37b1cc80cddeb04d6bfb60f291bb14a97c9093d81ce50672f453
  languageName: node
  linkType: hard

"assertion-error@npm:^1.1.0":
  version: 1.1.0
  resolution: "assertion-error@npm:1.1.0"
  checksum: 10c0/25456b2aa333250f01143968e02e4884a34588a8538fbbf65c91a637f1dbfb8069249133cd2f4e530f10f624d206a664e7df30207830b659e9f5298b00a4099b
  languageName: node
  linkType: hard

"bech32@npm:1.1.4":
  version: 1.1.4
  resolution: "bech32@npm:1.1.4"
  checksum: 10c0/5f62ca47b8df99ace9c0e0d8deb36a919d91bf40066700aaa9920a45f86bb10eb56d537d559416fd8703aa0fb60dddb642e58f049701e7291df678b2033e5ee5
  languageName: node
  linkType: hard

"bn.js@npm:^4.11.9":
  version: 4.12.0
  resolution: "bn.js@npm:4.12.0"
  checksum: 10c0/9736aaa317421b6b3ed038ff3d4491935a01419ac2d83ddcfebc5717385295fcfcf0c57311d90fe49926d0abbd7a9dbefdd8861e6129939177f7e67ebc645b21
  languageName: node
  linkType: hard

"bn.js@npm:^5.2.1":
  version: 5.2.1
  resolution: "bn.js@npm:5.2.1"
  checksum: 10c0/bed3d8bd34ec89dbcf9f20f88bd7d4a49c160fda3b561c7bb227501f974d3e435a48fb9b61bc3de304acab9215a3bda0803f7017ffb4d0016a0c3a740a283caa
  languageName: node
  linkType: hard

"brorand@npm:^1.1.0":
  version: 1.1.0
  resolution: "brorand@npm:1.1.0"
  checksum: 10c0/6f366d7c4990f82c366e3878492ba9a372a73163c09871e80d82fb4ae0d23f9f8924cb8a662330308206e6b3b76ba1d528b4601c9ef73c2166b440b2ea3b7571
  languageName: node
  linkType: hard

"bufio@npm:^1.0.7":
  version: 1.2.1
  resolution: "bufio@npm:1.2.1"
  checksum: 10c0/4ecb21ea25b1f50dda73b9cf865ff8037d9fc92373db57dc3ffddd85e4720cc16316750f8b6b4b6fa18a6668314e786d247f6fb55948b9e38958e929dccdb675
  languageName: node
  linkType: hard

"chai@npm:^4.3.4":
  version: 4.5.0
  resolution: "chai@npm:4.5.0"
  dependencies:
    assertion-error: "npm:^1.1.0"
    check-error: "npm:^1.0.3"
    deep-eql: "npm:^4.1.3"
    get-func-name: "npm:^2.0.2"
    loupe: "npm:^2.3.6"
    pathval: "npm:^1.1.1"
    type-detect: "npm:^4.1.0"
  checksum: 10c0/b8cb596bd1aece1aec659e41a6e479290c7d9bee5b3ad63d2898ad230064e5b47889a3bc367b20100a0853b62e026e2dc514acf25a3c9385f936aa3614d4ab4d
  languageName: node
  linkType: hard

"check-error@npm:^1.0.3":
  version: 1.0.3
  resolution: "check-error@npm:1.0.3"
  dependencies:
    get-func-name: "npm:^2.0.2"
  checksum: 10c0/94aa37a7315c0e8a83d0112b5bfb5a8624f7f0f81057c73e4707729cdd8077166c6aefb3d8e2b92c63ee130d4a2ff94bad46d547e12f3238cc1d78342a973841
  languageName: node
  linkType: hard

"deep-eql@npm:^4.1.3":
  version: 4.1.4
  resolution: "deep-eql@npm:4.1.4"
  dependencies:
    type-detect: "npm:^4.0.0"
  checksum: 10c0/264e0613493b43552fc908f4ff87b8b445c0e6e075656649600e1b8a17a57ee03e960156fce7177646e4d2ddaf8e5ee616d76bd79929ff593e5c79e4e5e6c517
  languageName: node
  linkType: hard

"elliptic@npm:6.5.4":
  version: 6.5.4
  resolution: "elliptic@npm:6.5.4"
  dependencies:
    bn.js: "npm:^4.11.9"
    brorand: "npm:^1.1.0"
    hash.js: "npm:^1.0.0"
    hmac-drbg: "npm:^1.0.1"
    inherits: "npm:^2.0.4"
    minimalistic-assert: "npm:^1.0.1"
    minimalistic-crypto-utils: "npm:^1.0.1"
  checksum: 10c0/5f361270292c3b27cf0843e84526d11dec31652f03c2763c6c2b8178548175ff5eba95341dd62baff92b2265d1af076526915d8af6cc9cb7559c44a62f8ca6e2
  languageName: node
  linkType: hard

"get-func-name@npm:^2.0.1, get-func-name@npm:^2.0.2":
  version: 2.0.2
  resolution: "get-func-name@npm:2.0.2"
  checksum: 10c0/89830fd07623fa73429a711b9daecdb304386d237c71268007f788f113505ef1d4cc2d0b9680e072c5082490aec9df5d7758bf5ac6f1c37062855e8e3dc0b9df
  languageName: node
  linkType: hard

"hash.js@npm:1.1.7, hash.js@npm:^1.0.0, hash.js@npm:^1.0.3":
  version: 1.1.7
  resolution: "hash.js@npm:1.1.7"
  dependencies:
    inherits: "npm:^2.0.3"
    minimalistic-assert: "npm:^1.0.1"
  checksum: 10c0/41ada59494eac5332cfc1ce6b7ebdd7b88a3864a6d6b08a3ea8ef261332ed60f37f10877e0c825aaa4bddebf164fbffa618286aeeec5296675e2671cbfa746c4
  languageName: node
  linkType: hard

"hmac-drbg@npm:^1.0.1":
  version: 1.0.1
  resolution: "hmac-drbg@npm:1.0.1"
  dependencies:
    hash.js: "npm:^1.0.3"
    minimalistic-assert: "npm:^1.0.0"
    minimalistic-crypto-utils: "npm:^1.0.1"
  checksum: 10c0/f3d9ba31b40257a573f162176ac5930109816036c59a09f901eb2ffd7e5e705c6832bedfff507957125f2086a0ab8f853c0df225642a88bf1fcaea945f20600d
  languageName: node
  linkType: hard

"hpl-v3@workspace:.":
  version: 0.0.0-use.local
  resolution: "hpl-v3@workspace:."
  dependencies:
    "@eth-optimism/contracts": "npm:^0.6.0"
  languageName: unknown
  linkType: soft

"inherits@npm:^2.0.3, inherits@npm:^2.0.4":
  version: 2.0.4
  resolution: "inherits@npm:2.0.4"
  checksum: 10c0/4e531f648b29039fb7426fb94075e6545faa1eb9fe83c29f0b6d9e7263aceb4289d2d4557db0d428188eeb449cc7c5e77b0a0b2c4e248ff2a65933a0dee49ef2
  languageName: node
  linkType: hard

"js-sha3@npm:0.8.0":
  version: 0.8.0
  resolution: "js-sha3@npm:0.8.0"
  checksum: 10c0/43a21dc7967c871bd2c46cb1c2ae97441a97169f324e509f382d43330d8f75cf2c96dba7c806ab08a425765a9c847efdd4bffbac2d99c3a4f3de6c0218f40533
  languageName: node
  linkType: hard

"loupe@npm:^2.3.6":
  version: 2.3.7
  resolution: "loupe@npm:2.3.7"
  dependencies:
    get-func-name: "npm:^2.0.1"
  checksum: 10c0/71a781c8fc21527b99ed1062043f1f2bb30bdaf54fa4cf92463427e1718bc6567af2988300bc243c1f276e4f0876f29e3cbf7b58106fdc186915687456ce5bf4
  languageName: node
  linkType: hard

"minimalistic-assert@npm:^1.0.0, minimalistic-assert@npm:^1.0.1":
  version: 1.0.1
  resolution: "minimalistic-assert@npm:1.0.1"
  checksum: 10c0/96730e5601cd31457f81a296f521eb56036e6f69133c0b18c13fe941109d53ad23a4204d946a0d638d7f3099482a0cec8c9bb6d642604612ce43ee536be3dddd
  languageName: node
  linkType: hard

"minimalistic-crypto-utils@npm:^1.0.1":
  version: 1.0.1
  resolution: "minimalistic-crypto-utils@npm:1.0.1"
  checksum: 10c0/790ecec8c5c73973a4fbf2c663d911033e8494d5fb0960a4500634766ab05d6107d20af896ca2132e7031741f19888154d44b2408ada0852446705441383e9f8
  languageName: node
  linkType: hard

"pathval@npm:^1.1.1":
  version: 1.1.1
  resolution: "pathval@npm:1.1.1"
  checksum: 10c0/f63e1bc1b33593cdf094ed6ff5c49c1c0dc5dc20a646ca9725cc7fe7cd9995002d51d5685b9b2ec6814342935748b711bafa840f84c0bb04e38ff40a335c94dc
  languageName: node
  linkType: hard

"type-detect@npm:^4.0.0, type-detect@npm:^4.1.0":
  version: 4.1.0
  resolution: "type-detect@npm:4.1.0"
  checksum: 10c0/df8157ca3f5d311edc22885abc134e18ff8ffbc93d6a9848af5b682730ca6a5a44499259750197250479c5331a8a75b5537529df5ec410622041650a7f293e2a
  languageName: node
  linkType: hard

"ws@npm:7.4.6":
  version: 7.4.6
  resolution: "ws@npm:7.4.6"
  peerDependencies:
    bufferutil: ^4.0.1
    utf-8-validate: ^5.0.2
  peerDependenciesMeta:
    bufferutil:
      optional: true
    utf-8-validate:
      optional: true
  checksum: 10c0/4b44b59bbc0549c852fb2f0cdb48e40e122a1b6078aeed3d65557cbeb7d37dda7a4f0027afba2e6a7a695de17701226d02b23bd15c97b0837808c16345c62f8e
  languageName: node
  linkType: hard
